
Microsoft Visual Studio Solution File, Format Version 12.00
Project("{FAE04EC0-301F-11D3-BF4B-00C04F79EFBC}") = "MotorRegister.Core", "MotorRegister.Core\MotorRegister.Core.csproj", "{0AF2E7BE-0EA1-4112-B595-65E25909E438}"
EndProject
Project("{FAE04EC0-301F-11D3-BF4B-00C04F79EFBC}") = "MotorRegister.Infrastructure", "MotorRegister.Infrastructure\MotorRegister.Infrastructure.csproj", "{9C941792-D700-4805-A4A7-F4F6A2CC3A24}"
EndProject
Project("{FAE04EC0-301F-11D3-BF4B-00C04F79EFBC}") = "MotorRegister.Indexer", "MotorRegister.Indexer\MotorRegister.Indexer.csproj", "{A9EEC9F7-8944-415F-9A69-19C81EB89E23}"
EndProject
Project("{FAE04EC0-301F-11D3-BF4B-00C04F79EFBC}") = "MotorRegister.Api", "MotorRegister.Api\MotorRegister.Api.csproj", "{4A6E05E3-A8B6-45D5-8DAE-2DB65E312C84}"
EndProject
Project("{FAE04EC0-301F-11D3-BF4B-00C04F79EFBC}") = "MotorRegister.Web", "MotorRegister.Web\MotorRegister.Web.csproj", "{36D52FF3-EF04-4193-8185-4CA0C0DBD762}"
EndProject
Global
	GlobalSection(SolutionConfigurationPlatforms) = preSolution
		Debug|Any CPU = Debug|Any CPU
		Release|Any CPU = Release|Any CPU
	EndGlobalSection
	GlobalSection(ProjectConfigurationPlatforms) = postSolution
		{0AF2E7BE-0EA1-4112-B595-65E25909E438}.Debug|Any CPU.ActiveCfg = Debug|Any CPU
		{0AF2E7BE-0EA1-4112-B595-65E25909E438}.Debug|Any CPU.Build.0 = Debug|Any CPU
		{0AF2E7BE-0EA1-4112-B595-65E25909E438}.Release|Any CPU.ActiveCfg = Release|Any CPU
		{0AF2E7BE-0EA1-4112-B595-65E25909E438}.Release|Any CPU.Build.0 = Release|Any CPU
		{9C941792-D700-4805-A4A7-F4F6A2CC3A24}.Debug|Any CPU.ActiveCfg = Debug|Any CPU
		{9C941792-D700-4805-A4A7-F4F6A2CC3A24}.Debug|Any CPU.Build.0 = Debug|Any CPU
		{9C941792-D700-4805-A4A7-F4F6A2CC3A24}.Release|Any CPU.ActiveCfg = Release|Any CPU
		{9C941792-D700-4805-A4A7-F4F6A2CC3A24}.Release|Any CPU.Build.0 = Release|Any CPU
		{A9EEC9F7-8944-415F-9A69-19C81EB89E23}.Debug|Any CPU.ActiveCfg = Debug|Any CPU
		{A9EEC9F7-8944-415F-9A69-19C81EB89E23}.Debug|Any CPU.Build.0 = Debug|Any CPU
		{A9EEC9F7-8944-415F-9A69-19C81EB89E23}.Release|Any CPU.ActiveCfg = Release|Any CPU
		{A9EEC9F7-8944-415F-9A69-19C81EB89E23}.Release|Any CPU.Build.0 = Release|Any CPU
		{4A6E05E3-A8B6-45D5-8DAE-2DB65E312C84}.Debug|Any CPU.ActiveCfg = Debug|Any CPU
		{4A6E05E3-A8B6-45D5-8DAE-2DB65E312C84}.Debug|Any CPU.Build.0 = Debug|Any CPU
		{4A6E05E3-A8B6-45D5-8DAE-2DB65E312C84}.Release|Any CPU.ActiveCfg = Release|Any CPU
		{4A6E05E3-A8B6-45D5-8DAE-2DB65E312C84}.Release|Any CPU.Build.0 = Release|Any CPU
		{B4532623-5AC6-4C9A-A523-36268CC07431}.Debug|Any CPU.ActiveCfg = Debug|Any CPU
		{B4532623-5AC6-4C9A-A523-36268CC07431}.Debug|Any CPU.Build.0 = Debug|Any CPU
		{B4532623-5AC6-4C9A-A523-36268CC07431}.Release|Any CPU.ActiveCfg = Release|Any CPU
		{B4532623-5AC6-4C9A-A523-36268CC07431}.Release|Any CPU.Build.0 = Release|Any CPU
		{1A26B8D3-ED75-45F7-9BCA-AC2E0A15FED3}.Debug|Any CPU.ActiveCfg = Debug|Any CPU
		{1A26B8D3-ED75-45F7-9BCA-AC2E0A15FED3}.Debug|Any CPU.Build.0 = Debug|Any CPU
		{1A26B8D3-ED75-45F7-9BCA-AC2E0A15FED3}.Release|Any CPU.ActiveCfg = Release|Any CPU
		{1A26B8D3-ED75-45F7-9BCA-AC2E0A15FED3}.Release|Any CPU.Build.0 = Release|Any CPU
		{135B690D-D832-49FE-BC74-CD1E27A333C0}.Debug|Any CPU.ActiveCfg = Debug|Any CPU
		{135B690D-D832-49FE-BC74-CD1E27A333C0}.Debug|Any CPU.Build.0 = Debug|Any CPU
		{135B690D-D832-49FE-BC74-CD1E27A333C0}.Release|Any CPU.ActiveCfg = Release|Any CPU
		{135B690D-D832-49FE-BC74-CD1E27A333C0}.Release|Any CPU.Build.0 = Release|Any CPU
		{36D52FF3-EF04-4193-8185-4CA0C0DBD762}.Debug|Any CPU.ActiveCfg = Debug|Any CPU
		{36D52FF3-EF04-4193-8185-4CA0C0DBD762}.Debug|Any CPU.Build.0 = Debug|Any CPU
		{36D52FF3-EF04-4193-8185-4CA0C0DBD762}.Release|Any CPU.ActiveCfg = Release|Any CPU
		{36D52FF3-EF04-4193-8185-4CA0C0DBD762}.Release|Any CPU.Build.0 = Release|Any CPU
	EndGlobalSection
EndGlobal
